// !$*UTF8*$!
{
	archiveVersion = 1;
	classes = {
	};
	objectVersion = 46;
	objects = {

/* Begin PBXBuildFile section */
		2D8D47831B35C56B00399FBE /* ORSSerialPort.m in Sources */ = {isa = PBXBuildFile; fileRef = 2D8D47821B35C56B00399FBE /* ORSSerialPort.m */; };
		D54A4853196C6F28003D5DB7 /* libBean OSX Library.a in Frameworks */ = {isa = PBXBuildFile; fileRef = D54A4852196C6F28003D5DB7 /* libBean OSX Library.a */; };
		D556A1E5194B341700BDFA6B /* Cocoa.framework in Frameworks */ = {isa = PBXBuildFile; fileRef = D556A1E4194B341700BDFA6B /* Cocoa.framework */; };
		D556A1EF194B341700BDFA6B /* InfoPlist.strings in Resources */ = {isa = PBXBuildFile; fileRef = D556A1ED194B341700BDFA6B /* InfoPlist.strings */; };
		D556A1F1194B341700BDFA6B /* main.m in Sources */ = {isa = PBXBuildFile; fileRef = D556A1F0194B341700BDFA6B /* main.m */; };
		D556A1F5194B341700BDFA6B /* Credits.rtf in Resources */ = {isa = PBXBuildFile; fileRef = D556A1F3194B341700BDFA6B /* Credits.rtf */; };
		D556A1F8194B341700BDFA6B /* AppDelegate.m in Sources */ = {isa = PBXBuildFile; fileRef = D556A1F7194B341700BDFA6B /* AppDelegate.m */; };
		D556A1FB194B341700BDFA6B /* MainMenu.xib in Resources */ = {isa = PBXBuildFile; fileRef = D556A1F9194B341700BDFA6B /* MainMenu.xib */; };
		D556A1FD194B341700BDFA6B /* Images.xcassets in Resources */ = {isa = PBXBuildFile; fileRef = D556A1FC194B341700BDFA6B /* Images.xcassets */; };
		D556A204194B341700BDFA6B /* XCTest.framework in Frameworks */ = {isa = PBXBuildFile; fileRef = D556A203194B341700BDFA6B /* XCTest.framework */; };
		D556A205194B341700BDFA6B /* Cocoa.framework in Frameworks */ = {isa = PBXBuildFile; fileRef = D556A1E4194B341700BDFA6B /* Cocoa.framework */; };
		D556A20D194B341700BDFA6B /* InfoPlist.strings in Resources */ = {isa = PBXBuildFile; fileRef = D556A20B194B341700BDFA6B /* InfoPlist.strings */; };
		D556A20F194B341700BDFA6B /* BeanDemoTests.m in Sources */ = {isa = PBXBuildFile; fileRef = D556A20E194B341700BDFA6B /* BeanDemoTests.m */; };
		D556A223194D455100BDFA6B /* NSTextFieldWithClickView.m in Sources */ = {isa = PBXBuildFile; fileRef = D556A222194D455100BDFA6B /* NSTextFieldWithClickView.m */; };
/* End PBXBuildFile section */

/* Begin PBXContainerItemProxy section */
		D556A206194B341700BDFA6B /* PBXContainerItemProxy */ = {
			isa = PBXContainerItemProxy;
			containerPortal = D556A1D9194B341700BDFA6B /* Project object */;
			proxyType = 1;
			remoteGlobalIDString = D556A1E0194B341700BDFA6B;
			remoteInfo = BeanDemo;
		};
/* End PBXContainerItemProxy section */

/* Begin PBXFileReference section */
		2D8D47811B35C56B00399FBE /* ORSSerialPort.h */ = {isa = PBXFileReference; fileEncoding = 4; lastKnownFileType = sourcecode.c.h; path = ORSSerialPort.h; sourceTree = "<group>"; };
		2D8D47821B35C56B00399FBE /* ORSSerialPort.m */ = {isa = PBXFileReference; fileEncoding = 4; lastKnownFileType = sourcecode.c.objc; path = ORSSerialPort.m; sourceTree = "<group>"; };
		2D8D47841B35C63200399FBE /* ORSSerialRequest.h */ = {isa = PBXFileReference; lastKnownFileType = sourcecode.c.h; path = ORSSerialRequest.h; sourceTree = "<group>"; };
		D54A4852196C6F28003D5DB7 /* libBean OSX Library.a */ = {isa = PBXFileReference; lastKnownFileType = archive.ar; path = "libBean OSX Library.a"; sourceTree = "<group>"; };
		D556A1E1194B341700BDFA6B /* TypewriterBean.app */ = {isa = PBXFileReference; explicitFileType = wrapper.application; includeInIndex = 0; path = TypewriterBean.app; sourceTree = BUILT_PRODUCTS_DIR; };
		D556A1E4194B341700BDFA6B /* Cocoa.framework */ = {isa = PBXFileReference; lastKnownFileType = wrapper.framework; name = Cocoa.framework; path = System/Library/Frameworks/Cocoa.framework; sourceTree = SDKROOT; };
		D556A1E7194B341700BDFA6B /* AppKit.framework */ = {isa = PBXFileReference; lastKnownFileType = wrapper.framework; name = AppKit.framework; path = System/Library/Frameworks/AppKit.framework; sourceTree = SDKROOT; };
		D556A1E8194B341700BDFA6B /* CoreData.framework */ = {isa = PBXFileReference; lastKnownFileType = wrapper.framework; name = CoreData.framework; path = System/Library/Frameworks/CoreData.framework; sourceTree = SDKROOT; };
		D556A1E9194B341700BDFA6B /* Foundation.framework */ = {isa = PBXFileReference; lastKnownFileType = wrapper.framework; name = Foundation.framework; path = System/Library/Frameworks/Foundation.framework; sourceTree = SDKROOT; };
		D556A1EC194B341700BDFA6B /* TypewriterBean-Info.plist */ = {isa = PBXFileReference; lastKnownFileType = text.plist.xml; path = "TypewriterBean-Info.plist"; sourceTree = "<group>"; };
		D556A1EE194B341700BDFA6B /* en */ = {isa = PBXFileReference; lastKnownFileType = text.plist.strings; name = en; path = en.lproj/InfoPlist.strings; sourceTree = "<group>"; };
		D556A1F0194B341700BDFA6B /* main.m */ = {isa = PBXFileReference; lastKnownFileType = sourcecode.c.objc; path = main.m; sourceTree = "<group>"; };
		D556A1F2194B341700BDFA6B /* TypewriterBean-Prefix.pch */ = {isa = PBXFileReference; lastKnownFileType = sourcecode.c.h; path = "TypewriterBean-Prefix.pch"; sourceTree = "<group>"; };
		D556A1F4194B341700BDFA6B /* en */ = {isa = PBXFileReference; lastKnownFileType = text.rtf; name = en; path = en.lproj/Credits.rtf; sourceTree = "<group>"; };
		D556A1F6194B341700BDFA6B /* AppDelegate.h */ = {isa = PBXFileReference; lastKnownFileType = sourcecode.c.h; path = AppDelegate.h; sourceTree = "<group>"; };
		D556A1F7194B341700BDFA6B /* AppDelegate.m */ = {isa = PBXFileReference; lastKnownFileType = sourcecode.c.objc; path = AppDelegate.m; sourceTree = "<group>"; };
		D556A1FA194B341700BDFA6B /* Base */ = {isa = PBXFileReference; lastKnownFileType = file.xib; name = Base; path = Base.lproj/MainMenu.xib; sourceTree = "<group>"; };
		D556A1FC194B341700BDFA6B /* Images.xcassets */ = {isa = PBXFileReference; lastKnownFileType = folder.assetcatalog; path = Images.xcassets; sourceTree = "<group>"; };
		D556A202194B341700BDFA6B /* TypewriterBeanTests.xctest */ = {isa = PBXFileReference; explicitFileType = wrapper.cfbundle; includeInIndex = 0; path = TypewriterBeanTests.xctest; sourceTree = BUILT_PRODUCTS_DIR; };
		D556A203194B341700BDFA6B /* XCTest.framework */ = {isa = PBXFileReference; lastKnownFileType = wrapper.framework; name = XCTest.framework; path = Library/Frameworks/XCTest.framework; sourceTree = DEVELOPER_DIR; };
		D556A20A194B341700BDFA6B /* TypewriterBeanTests-Info.plist */ = {isa = PBXFileReference; lastKnownFileType = text.plist.xml; path = "TypewriterBeanTests-Info.plist"; sourceTree = "<group>"; };
		D556A20C194B341700BDFA6B /* en */ = {isa = PBXFileReference; lastKnownFileType = text.plist.strings; name = en; path = en.lproj/InfoPlist.strings; sourceTree = "<group>"; };
		D556A20E194B341700BDFA6B /* BeanDemoTests.m */ = {isa = PBXFileReference; lastKnownFileType = sourcecode.c.objc; path = BeanDemoTests.m; sourceTree = "<group>"; };
		D556A221194D455100BDFA6B /* NSTextFieldWithClickView.h */ = {isa = PBXFileReference; fileEncoding = 4; lastKnownFileType = sourcecode.c.h; path = NSTextFieldWithClickView.h; sourceTree = "<group>"; };
		D556A222194D455100BDFA6B /* NSTextFieldWithClickView.m */ = {isa = PBXFileReference; fileEncoding = 4; lastKnownFileType = sourcecode.c.objc; path = NSTextFieldWithClickView.m; sourceTree = "<group>"; };
		D556A227194D48B200BDFA6B /* PTDBean.h */ = {isa = PBXFileReference; lastKnownFileType = sourcecode.c.h; path = PTDBean.h; sourceTree = "<group>"; };
		D556A228194D48B200BDFA6B /* PTDBeanManager.h */ = {isa = PBXFileReference; lastKnownFileType = sourcecode.c.h; path = PTDBeanManager.h; sourceTree = "<group>"; };
		D556A229194D48B200BDFA6B /* PTDBeanRadioConfig.h */ = {isa = PBXFileReference; lastKnownFileType = sourcecode.c.h; path = PTDBeanRadioConfig.h; sourceTree = "<group>"; };
		D556A22A194D48EE00BDFA6B /* BEAN_Globals.h */ = {isa = PBXFileReference; lastKnownFileType = sourcecode.c.h; path = BEAN_Globals.h; sourceTree = "<group>"; };
/* End PBXFileReference section */

/* Begin PBXFrameworksBuildPhase section */
		D556A1DE194B341700BDFA6B /* Frameworks */ = {
			isa = PBXFrameworksBuildPhase;
			buildActionMask = 2147483647;
			files = (
				D54A4853196C6F28003D5DB7 /* libBean OSX Library.a in Frameworks */,
				D556A1E5194B341700BDFA6B /* Cocoa.framework in Frameworks */,
			);
			runOnlyForDeploymentPostprocessing = 0;
		};
		D556A1FF194B341700BDFA6B /* Frameworks */ = {
			isa = PBXFrameworksBuildPhase;
			buildActionMask = 2147483647;
			files = (
				D556A205194B341700BDFA6B /* Cocoa.framework in Frameworks */,
				D556A204194B341700BDFA6B /* XCTest.framework in Frameworks */,
			);
			runOnlyForDeploymentPostprocessing = 0;
		};
/* End PBXFrameworksBuildPhase section */

/* Begin PBXGroup section */
		2D8D47801B35C54A00399FBE /* OSRSerialPort */ = {
			isa = PBXGroup;
			children = (
				2D8D47811B35C56B00399FBE /* ORSSerialPort.h */,
				2D8D47841B35C63200399FBE /* ORSSerialRequest.h */,
				2D8D47821B35C56B00399FBE /* ORSSerialPort.m */,
			);
			name = OSRSerialPort;
			sourceTree = "<group>";
		};
		D556A1D8194B341700BDFA6B = {
			isa = PBXGroup;
			children = (
				2D8D47801B35C54A00399FBE /* OSRSerialPort */,
				D556A226194D486B00BDFA6B /* PTDBean Headers */,
				D556A1EA194B341700BDFA6B /* TypewriterBean */,
				D556A208194B341700BDFA6B /* BeanDemoTests */,
				D556A1E3194B341700BDFA6B /* Frameworks */,
				D556A1E2194B341700BDFA6B /* Products */,
			);
			sourceTree = "<group>";
		};
		D556A1E2194B341700BDFA6B /* Products */ = {
			isa = PBXGroup;
			children = (
				D556A1E1194B341700BDFA6B /* TypewriterBean.app */,
				D556A202194B341700BDFA6B /* TypewriterBeanTests.xctest */,
			);
			name = Products;
			sourceTree = "<group>";
		};
		D556A1E3194B341700BDFA6B /* Frameworks */ = {
			isa = PBXGroup;
			children = (
				D54A4852196C6F28003D5DB7 /* libBean OSX Library.a */,
				D556A1E4194B341700BDFA6B /* Cocoa.framework */,
				D556A203194B341700BDFA6B /* XCTest.framework */,
				D556A1E6194B341700BDFA6B /* Other Frameworks */,
			);
			name = Frameworks;
			sourceTree = "<group>";
		};
		D556A1E6194B341700BDFA6B /* Other Frameworks */ = {
			isa = PBXGroup;
			children = (
				D556A1E7194B341700BDFA6B /* AppKit.framework */,
				D556A1E8194B341700BDFA6B /* CoreData.framework */,
				D556A1E9194B341700BDFA6B /* Foundation.framework */,
			);
			name = "Other Frameworks";
			sourceTree = "<group>";
		};
		D556A1EA194B341700BDFA6B /* TypewriterBean */ = {
			isa = PBXGroup;
			children = (
				D556A1F6194B341700BDFA6B /* AppDelegate.h */,
				D556A1F7194B341700BDFA6B /* AppDelegate.m */,
				D556A1F9194B341700BDFA6B /* MainMenu.xib */,
				D556A221194D455100BDFA6B /* NSTextFieldWithClickView.h */,
				D556A222194D455100BDFA6B /* NSTextFieldWithClickView.m */,
				D556A1FC194B341700BDFA6B /* Images.xcassets */,
				D556A1EB194B341700BDFA6B /* Supporting Files */,
			);
			name = TypewriterBean;
			path = BeanDemo;
			sourceTree = "<group>";
		};
		D556A1EB194B341700BDFA6B /* Supporting Files */ = {
			isa = PBXGroup;
			children = (
				D556A1EC194B341700BDFA6B /* TypewriterBean-Info.plist */,
				D556A1ED194B341700BDFA6B /* InfoPlist.strings */,
				D556A1F0194B341700BDFA6B /* main.m */,
				D556A1F2194B341700BDFA6B /* TypewriterBean-Prefix.pch */,
				D556A1F3194B341700BDFA6B /* Credits.rtf */,
			);
			name = "Supporting Files";
			sourceTree = "<group>";
		};
		D556A208194B341700BDFA6B /* BeanDemoTests */ = {
			isa = PBXGroup;
			children = (
				D556A20E194B341700BDFA6B /* BeanDemoTests.m */,
				D556A209194B341700BDFA6B /* Supporting Files */,
			);
			path = BeanDemoTests;
			sourceTree = "<group>";
		};
		D556A209194B341700BDFA6B /* Supporting Files */ = {
			isa = PBXGroup;
			children = (
				D556A20A194B341700BDFA6B /* TypewriterBeanTests-Info.plist */,
				D556A20B194B341700BDFA6B /* InfoPlist.strings */,
			);
			name = "Supporting Files";
			sourceTree = "<group>";
		};
		D556A226194D486B00BDFA6B /* PTDBean Headers */ = {
			isa = PBXGroup;
			children = (
				D556A227194D48B200BDFA6B /* PTDBean.h */,
				D556A228194D48B200BDFA6B /* PTDBeanManager.h */,
				D556A229194D48B200BDFA6B /* PTDBeanRadioConfig.h */,
				D556A22A194D48EE00BDFA6B /* BEAN_Globals.h */,
			);
			name = "PTDBean Headers";
			sourceTree = "<group>";
		};
/* End PBXGroup section */

/* Begin PBXNativeTarget section */
		D556A1E0194B341700BDFA6B /* TypewriterBean */ = {
			isa = PBXNativeTarget;
			buildConfigurationList = D556A212194B341700BDFA6B /* Build configuration list for PBXNativeTarget "TypewriterBean" */;
			buildPhases = (
				D556A1DD194B341700BDFA6B /* Sources */,
				D556A1DE194B341700BDFA6B /* Frameworks */,
				D556A1DF194B341700BDFA6B /* Resources */,
			);
			buildRules = (
			);
			dependencies = (
			);
			name = TypewriterBean;
			productName = BeanDemo;
			productReference = D556A1E1194B341700BDFA6B /* TypewriterBean.app */;
			productType = "com.apple.product-type.application";
		};
		D556A201194B341700BDFA6B /* TypewriterBeanTests */ = {
			isa = PBXNativeTarget;
			buildConfigurationList = D556A215194B341700BDFA6B /* Build configuration list for PBXNativeTarget "TypewriterBeanTests" */;
			buildPhases = (
				D556A1FE194B341700BDFA6B /* Sources */,
				D556A1FF194B341700BDFA6B /* Frameworks */,
				D556A200194B341700BDFA6B /* Resources */,
			);
			buildRules = (
			);
			dependencies = (
				D556A207194B341700BDFA6B /* PBXTargetDependency */,
			);
			name = TypewriterBeanTests;
			productName = BeanDemoTests;
			productReference = D556A202194B341700BDFA6B /* TypewriterBeanTests.xctest */;
			productType = "com.apple.product-type.bundle.unit-test";
		};
/* End PBXNativeTarget section */

/* Begin PBXProject section */
		D556A1D9194B341700BDFA6B /* Project object */ = {
			isa = PBXProject;
			attributes = {
				LastUpgradeCheck = 0510;
				ORGANIZATIONNAME = "Chris Gregg";
				TargetAttributes = {
					D556A201194B341700BDFA6B = {
						TestTargetID = D556A1E0194B341700BDFA6B;
					};
				};
			};
			buildConfigurationList = D556A1DC194B341700BDFA6B /* Build configuration list for PBXProject "TypewriterBean" */;
			compatibilityVersion = "Xcode 3.2";
			developmentRegion = English;
			hasScannedForEncodings = 0;
			knownRegions = (
				en,
				Base,
			);
			mainGroup = D556A1D8194B341700BDFA6B;
			productRefGroup = D556A1E2194B341700BDFA6B /* Products */;
			projectDirPath = "";
			projectRoot = "";
			targets = (
				D556A1E0194B341700BDFA6B /* TypewriterBean */,
				D556A201194B341700BDFA6B /* TypewriterBeanTests */,
			);
		};
/* End PBXProject section */

/* Begin PBXResourcesBuildPhase section */
		D556A1DF194B341700BDFA6B /* Resources */ = {
			isa = PBXResourcesBuildPhase;
			buildActionMask = 2147483647;
			files = (
				D556A1EF194B341700BDFA6B /* InfoPlist.strings in Resources */,
				D556A1FD194B341700BDFA6B /* Images.xcassets in Resources */,
				D556A1F5194B341700BDFA6B /* Credits.rtf in Resources */,
				D556A1FB194B341700BDFA6B /* MainMenu.xib in Resources */,
			);
			runOnlyForDeploymentPostprocessing = 0;
		};
		D556A200194B341700BDFA6B /* Resources */ = {
			isa = PBXResourcesBuildPhase;
			buildActionMask = 2147483647;
			files = (
				D556A20D194B341700BDFA6B /* InfoPlist.strings in Resources */,
			);
			runOnlyForDeploymentPostprocessing = 0;
		};
/* End PBXResourcesBuildPhase section */

/* Begin PBXSourcesBuildPhase section */
		D556A1DD194B341700BDFA6B /* Sources */ = {
			isa = PBXSourcesBuildPhase;
			buildActionMask = 2147483647;
			files = (
				D556A223194D455100BDFA6B /* NSTextFieldWithClickView.m in Sources */,
				D556A1F8194B341700BDFA6B /* AppDelegate.m in Sources */,
				D556A1F1194B341700BDFA6B /* main.m in Sources */,
				2D8D47831B35C56B00399FBE /* ORSSerialPort.m in Sources */,
			);
			runOnlyForDeploymentPostprocessing = 0;
		};
		D556A1FE194B341700BDFA6B /* Sources */ = {
			isa = PBXSourcesBuildPhase;
			buildActionMask = 2147483647;
			files = (
				D556A20F194B341700BDFA6B /* BeanDemoTests.m in Sources */,
			);
			runOnlyForDeploymentPostprocessing = 0;
		};
/* End PBXSourcesBuildPhase section */

/* Begin PBXTargetDependency section */
		D556A207194B341700BDFA6B /* PBXTargetDependency */ = {
			isa = PBXTargetDependency;
			target = D556A1E0194B341700BDFA6B /* TypewriterBean */;
			targetProxy = D556A206194B341700BDFA6B /* PBXContainerItemProxy */;
		};
/* End PBXTargetDependency section */

/* Begin PBXVariantGroup section */
		D556A1ED194B341700BDFA6B /* InfoPlist.strings */ = {
			isa = PBXVariantGroup;
			children = (
				D556A1EE194B341700BDFA6B /* en */,
			);
			name = InfoPlist.strings;
			sourceTree = "<group>";
		};
		D556A1F3194B341700BDFA6B /* Credits.rtf */ = {
			isa = PBXVariantGroup;
			children = (
				D556A1F4194B341700BDFA6B /* en */,
			);
			name = Credits.rtf;
			sourceTree = "<group>";
		};
		D556A1F9194B341700BDFA6B /* MainMenu.xib */ = {
			isa = PBXVariantGroup;
			children = (
				D556A1FA194B341700BDFA6B /* Base */,
			);
			name = MainMenu.xib;
			sourceTree = "<group>";
		};
		D556A20B194B341700BDFA6B /* InfoPlist.strings */ = {
			isa = PBXVariantGroup;
			children = (
				D556A20C194B341700BDFA6B /* en */,
			);
			name = InfoPlist.strings;
			sourceTree = "<group>";
		};
/* End PBXVariantGroup section */

/* Begin XCBuildConfiguration section */
		D556A210194B341700BDFA6B /* Debug */ = {
			isa = XCBuildConfiguration;
			buildSettings = {
				ALWAYS_SEARCH_USER_PATHS = NO;
				CLANG_CXX_LANGUAGE_STANDARD = "gnu++0x";
				CLANG_CXX_LIBRARY = "libc++";
				CLANG_ENABLE_MODULES = YES;
				CLANG_ENABLE_OBJC_ARC = YES;
				CLANG_WARN_BOOL_CONVERSION = YES;
				CLANG_WARN_CONSTANT_CONVERSION = YES;
				CLANG_WARN_DIRECT_OBJC_ISA_USAGE = YES_ERROR;
				CLANG_WARN_EMPTY_BODY = YES;
				CLANG_WARN_ENUM_CONVERSION = YES;
				CLANG_WARN_INT_CONVERSION = YES;
				CLANG_WARN_OBJC_ROOT_CLASS = YES_ERROR;
				CLANG_WARN__DUPLICATE_METHOD_MATCH = YES;
				COPY_PHASE_STRIP = NO;
				GCC_C_LANGUAGE_STANDARD = gnu99;
				GCC_DYNAMIC_NO_PIC = NO;
				GCC_ENABLE_OBJC_EXCEPTIONS = YES;
				GCC_OPTIMIZATION_LEVEL = 0;
				GCC_PREPROCESSOR_DEFINITIONS = (
					"DEBUG=1",
					"$(inherited)",
				);
				GCC_SYMBOLS_PRIVATE_EXTERN = NO;
				GCC_WARN_64_TO_32_BIT_CONVERSION = YES;
				GCC_WARN_ABOUT_RETURN_TYPE = YES_ERROR;
				GCC_WARN_UNDECLARED_SELECTOR = YES;
				GCC_WARN_UNINITIALIZED_AUTOS = YES_AGGRESSIVE;
				GCC_WARN_UNUSED_FUNCTION = YES;
				GCC_WARN_UNUSED_VARIABLE = YES;
				MACOSX_DEPLOYMENT_TARGET = 10.9;
				ONLY_ACTIVE_ARCH = YES;
				SDKROOT = macosx;
			};
			name = Debug;
		};
		D556A211194B341700BDFA6B /* Release */ = {
			isa = XCBuildConfiguration;
			buildSettings = {
				ALWAYS_SEARCH_USER_PATHS = NO;
				CLANG_CXX_LANGUAGE_STANDARD = "gnu++0x";
				CLANG_CXX_LIBRARY = "libc++";
				CLANG_ENABLE_MODULES = YES;
				CLANG_ENABLE_OBJC_ARC = YES;
				CLANG_WARN_BOOL_CONVERSION = YES;
				CLANG_WARN_CONSTANT_CONVERSION = YES;
				CLANG_WARN_DIRECT_OBJC_ISA_USAGE = YES_ERROR;
				CLANG_WARN_EMPTY_BODY = YES;
				CLANG_WARN_ENUM_CONVERSION = YES;
				CLANG_WARN_INT_CONVERSION = YES;
				CLANG_WARN_OBJC_ROOT_CLASS = YES_ERROR;
				CLANG_WARN__DUPLICATE_METHOD_MATCH = YES;
				COPY_PHASE_STRIP = YES;
				DEBUG_INFORMATION_FORMAT = "dwarf-with-dsym";
				ENABLE_NS_ASSERTIONS = NO;
				GCC_C_LANGUAGE_STANDARD = gnu99;
				GCC_ENABLE_OBJC_EXCEPTIONS = YES;
				GCC_WARN_64_TO_32_BIT_CONVERSION = YES;
				GCC_WARN_ABOUT_RETURN_TYPE = YES_ERROR;
				GCC_WARN_UNDECLARED_SELECTOR = YES;
				GCC_WARN_UNINITIALIZED_AUTOS = YES_AGGRESSIVE;
				GCC_WARN_UNUSED_FUNCTION = YES;
				GCC_WARN_UNUSED_VARIABLE = YES;
				MACOSX_DEPLOYMENT_TARGET = 10.9;
				SDKROOT = macosx;
			};
			name = Release;
		};
		D556A213194B341700BDFA6B /* Debug */ = {
			isa = XCBuildConfiguration;
			buildSettings = {
				ASSETCATALOG_COMPILER_APPICON_NAME = AppIcon;
				COMBINE_HIDPI_IMAGES = YES;
				GCC_PRECOMPILE_PREFIX_HEADER = YES;
				GCC_PREFIX_HEADER = "BeanDemo/TypewriterBean-Prefix.pch";
				"HEADER_SEARCH_PATHS[arch=*]" = (
					"$(inherited)",
					/Applications/Xcode.app/Contents/Developer/Toolchains/XcodeDefault.xctoolchain/usr/include,
				);
				INFOPLIST_FILE = "BeanDemo/TypewriterBean-Info.plist";
				LIBRARY_SEARCH_PATHS = (
					"$(inherited)",
					"$(PROJECT_DIR)",
				);
				PRODUCT_NAME = TypewriterBean;
				WRAPPER_EXTENSION = app;
			};
			name = Debug;
		};
		D556A214194B341700BDFA6B /* Release */ = {
			isa = XCBuildConfiguration;
			buildSettings = {
				ASSETCATALOG_COMPILER_APPICON_NAME = AppIcon;
				COMBINE_HIDPI_IMAGES = YES;
				GCC_PRECOMPILE_PREFIX_HEADER = YES;
				GCC_PREFIX_HEADER = "BeanDemo/TypewriterBean-Prefix.pch";
				INFOPLIST_FILE = "BeanDemo/TypewriterBean-Info.plist";
				LIBRARY_SEARCH_PATHS = (
					"$(inherited)",
					"$(PROJECT_DIR)",
				);
				PRODUCT_NAME = TypewriterBean;
				WRAPPER_EXTENSION = app;
			};
			name = Release;
		};
		D556A216194B341700BDFA6B /* Debug */ = {
			isa = XCBuildConfiguration;
			buildSettings = {
				BUNDLE_LOADER = "$(BUILT_PRODUCTS_DIR)/BeanDemo.app/Contents/MacOS/BeanDemo";
				COMBINE_HIDPI_IMAGES = YES;
				FRAMEWORK_SEARCH_PATHS = (
					"$(DEVELOPER_FRAMEWORKS_DIR)",
					"$(inherited)",
				);
				GCC_PRECOMPILE_PREFIX_HEADER = YES;
				GCC_PREFIX_HEADER = "BeanDemo/BeanDemo-Prefix.pch";
				GCC_PREPROCESSOR_DEFINITIONS = (
					"DEBUG=1",
					"$(inherited)",
				);
				INFOPLIST_FILE = "BeanDemoTests/TypewriterBeanTests-Info.plist";
				PRODUCT_NAME = TypewriterBeanTests;
				TEST_HOST = "$(BUNDLE_LOADER)";
				WRAPPER_EXTENSION = xctest;
			};
			name = Debug;
		};
		D556A217194B341700BDFA6B /* Release */ = {
			isa = XCBuildConfiguration;
			buildSettings = {
				BUNDLE_LOADER = "$(BUILT_PRODUCTS_DIR)/BeanDemo.app/Contents/MacOS/BeanDemo";
				COMBINE_HIDPI_IMAGES = YES;
				FRAMEWORK_SEARCH_PATHS = (
					"$(DEVELOPER_FRAMEWORKS_DIR)",
					"$(inherited)",
				);
				GCC_PRECOMPILE_PREFIX_HEADER = YES;
				GCC_PREFIX_HEADER = "BeanDemo/BeanDemo-Prefix.pch";
				INFOPLIST_FILE = "BeanDemoTests/TypewriterBeanTests-Info.plist";
				PRODUCT_NAME = TypewriterBeanTests;
				TEST_HOST = "$(BUNDLE_LOADER)";
				WRAPPER_EXTENSION = xctest;
			};
			name = Release;
		};
/* End XCBuildConfiguration section */

/* Begin XCConfigurationList section */
		D556A1DC194B341700BDFA6B /* Build configuration list for PBXProject "TypewriterBean" */ = {
			isa = XCConfigurationList;
			buildConfigurations = (
				D556A210194B341700BDFA6B /* Debug */,
				D556A211194B341700BDFA6B /* Release */,
			);
			defaultConfigurationIsVisible = 0;
			defaultConfigurationName = Release;
		};
		D556A212194B341700BDFA6B /* Build configuration list for PBXNativeTarget "TypewriterBean" */ = {
			isa = XCConfigurationList;
			buildConfigurations = (
				D556A213194B341700BDFA6B /* Debug */,
				D556A214194B341700BDFA6B /* Release */,
			);
			defaultConfigurationIsVisible = 0;
			defaultConfigurationName = Release;
		};
		D556A215194B341700BDFA6B /* Build configuration list for PBXNativeTarget "TypewriterBeanTests" */ = {
			isa = XCConfigurationList;
			buildConfigurations = (
				D556A216194B341700BDFA6B /* Debug */,
				D556A217194B341700BDFA6B /* Release */,
			);
			defaultConfigurationIsVisible = 0;
			defaultConfigurationName = Release;
		};
/* End XCConfigurationList section */
	};
	rootObject = D556A1D9194B341700BDFA6B /* Project object */;
}
